
Microsoft Visual Studio Solution File, Format Version 12.00
# Visual Studio 15
VisualStudioVersion = 15.0.28307.168
MinimumVisualStudioVersion = 10.0.40219.1
Project("{9A19103F-16F7-4668-BE54-9A1E7A4F7556}") = "ConsolApp", "Main\ConsolApp.csproj", "{536877B2-BC33-4CE1-B369-72A17CFFC54C}"
EndProject
Project("{9A19103F-16F7-4668-BE54-9A1E7A4F7556}") = "WiFi.Library", "WiFi.Library\WiFi.Library.csproj", "{DE0C33CA-CECE-42D4-B6D2-33659600C1BC}"
EndProject
Global
	GlobalSection(SolutionConfigurationPlatforms) = preSolution
		Debug|Any CPU = Debug|Any CPU
		Release|Any CPU = Release|Any CPU
	EndGlobalSection
	GlobalSection(ProjectConfigurationPlatforms) = postSolution
		{536877B2-BC33-4CE1-B369-72A17CFFC54C}.Debug|Any CPU.ActiveCfg = Debug|Any CPU
		{536877B2-BC33-4CE1-B369-72A17CFFC54C}.Debug|Any CPU.Build.0 = Debug|Any CPU
		{536877B2-BC33-4CE1-B369-72A17CFFC54C}.Release|Any CPU.ActiveCfg = Release|Any CPU
		{536877B2-BC33-4CE1-B369-72A17CFFC54C}.Release|Any CPU.Build.0 = Release|Any CPU
		{DE0C33CA-CECE-42D4-B6D2-33659600C1BC}.Debug|Any CPU.ActiveCfg = Debug|Any CPU
		{DE0C33CA-CECE-42D4-B6D2-33659600C1BC}.Debug|Any CPU.Build.0 = Debug|Any CPU
		{DE0C33CA-CECE-42D4-B6D2-33659600C1BC}.Release|Any CPU.ActiveCfg = Release|Any CPU
		{DE0C33CA-CECE-42D4-B6D2-33659600C1BC}.Release|Any CPU.Build.0 = Release|Any CPU
	EndGlobalSection
	GlobalSection(SolutionProperties) = preSolution
		HideSolutionNode = FALSE
	EndGlobalSection
	GlobalSection(ExtensibilityGlobals) = postSolution
		SolutionGuid = {47AFE969-C1FD-4513-8B1B-B675B9BB2903}
	EndGlobalSection
EndGlobal
