
Microsoft Visual Studio Solution File, Format Version 12.00
# Visual Studio 15
VisualStudioVersion = 15.0.28307.168
MinimumVisualStudioVersion = 10.0.40219.1
Project("{9A19103F-16F7-4668-BE54-9A1E7A4F7556}") = "WiFi.Library", "WiFi.Library\WiFi.Library.csproj", "{DE0C33CA-CECE-42D4-B6D2-33659600C1BC}"
EndProject
Project("{9A19103F-16F7-4668-BE54-9A1E7A4F7556}") = "seeWifi", "seeWifi\seeWifi.csproj", "{BB29981F-19AA-4930-9F7C-5BC26E9ADD5B}"
EndProject
Project("{9A19103F-16F7-4668-BE54-9A1E7A4F7556}") = "WiFi.Library.Tests", "WiFi.Library.Tests\WiFi.Library.Tests.csproj", "{5BC068BD-3722-4CFE-B29E-973CFAF55EF7}"
EndProject
Project("{FAE04EC0-301F-11D3-BF4B-00C04F79EFBC}") = "RestApi", "RestApi\RestApi.csproj", "{A46D8917-2E62-43FD-97E6-FB4255FA32C5}"
EndProject
Global
	GlobalSection(SolutionConfigurationPlatforms) = preSolution
		Debug|Any CPU = Debug|Any CPU
		Release|Any CPU = Release|Any CPU
	EndGlobalSection
	GlobalSection(ProjectConfigurationPlatforms) = postSolution
		{DE0C33CA-CECE-42D4-B6D2-33659600C1BC}.Debug|Any CPU.ActiveCfg = Debug|Any CPU
		{DE0C33CA-CECE-42D4-B6D2-33659600C1BC}.Debug|Any CPU.Build.0 = Debug|Any CPU
		{DE0C33CA-CECE-42D4-B6D2-33659600C1BC}.Release|Any CPU.ActiveCfg = Release|Any CPU
		{DE0C33CA-CECE-42D4-B6D2-33659600C1BC}.Release|Any CPU.Build.0 = Release|Any CPU
		{BB29981F-19AA-4930-9F7C-5BC26E9ADD5B}.Debug|Any CPU.ActiveCfg = Debug|Any CPU
		{BB29981F-19AA-4930-9F7C-5BC26E9ADD5B}.Debug|Any CPU.Build.0 = Debug|Any CPU
		{BB29981F-19AA-4930-9F7C-5BC26E9ADD5B}.Release|Any CPU.ActiveCfg = Release|Any CPU
		{BB29981F-19AA-4930-9F7C-5BC26E9ADD5B}.Release|Any CPU.Build.0 = Release|Any CPU
		{5BC068BD-3722-4CFE-B29E-973CFAF55EF7}.Debug|Any CPU.ActiveCfg = Debug|Any CPU
		{5BC068BD-3722-4CFE-B29E-973CFAF55EF7}.Debug|Any CPU.Build.0 = Debug|Any CPU
		{5BC068BD-3722-4CFE-B29E-973CFAF55EF7}.Release|Any CPU.ActiveCfg = Release|Any CPU
		{5BC068BD-3722-4CFE-B29E-973CFAF55EF7}.Release|Any CPU.Build.0 = Release|Any CPU
		{A46D8917-2E62-43FD-97E6-FB4255FA32C5}.Debug|Any CPU.ActiveCfg = Debug|Any CPU
		{A46D8917-2E62-43FD-97E6-FB4255FA32C5}.Debug|Any CPU.Build.0 = Debug|Any CPU
		{A46D8917-2E62-43FD-97E6-FB4255FA32C5}.Release|Any CPU.ActiveCfg = Release|Any CPU
		{A46D8917-2E62-43FD-97E6-FB4255FA32C5}.Release|Any CPU.Build.0 = Release|Any CPU
	EndGlobalSection
	GlobalSection(SolutionProperties) = preSolution
		HideSolutionNode = FALSE
	EndGlobalSection
	GlobalSection(ExtensibilityGlobals) = postSolution
		SolutionGuid = {47AFE969-C1FD-4513-8B1B-B675B9BB2903}
	EndGlobalSection
EndGlobal
